
Microsoft Visual Studio Solution File, Format Version 12.00
# Visual Studio 14
VisualStudioVersion = 14.0.25123.0
MinimumVisualStudioVersion = 10.0.40219.1
Project("{8BB2217D-0F2D-49D1-97BC-3654ED321F3B}") = "Coolector.Api", "Coolector.Api\Coolector.Api.xproj", "{059B1B11-D93E-499D-A2F0-372DF131CB70}"
EndProject
Project("{8BB2217D-0F2D-49D1-97BC-3654ED321F3B}") = "Coolector.Core", "Coolector.Core\Coolector.Core.xproj", "{8F41CE3F-ECB9-45E8-8AE4-374D7009CF85}"
EndProject
Project("{8BB2217D-0F2D-49D1-97BC-3654ED321F3B}") = "Coolector.Infrastructure", "Coolector.Infrastructure\Coolector.Infrastructure.xproj", "{838FB81D-4E15-4945-8BBD-4389C8EF07B0}"
EndProject
Project("{2150E333-8FDC-42A3-9474-1A3956D46DE8}") = "Tests", "Tests", "{4E813C1B-FB6C-4DE9-A21A-B2E7ACAEF37F}"
EndProject
Project("{8BB2217D-0F2D-49D1-97BC-3654ED321F3B}") = "Coolector.Tests", "Tests\Coolector.Tests\Coolector.Tests.xproj", "{6446D473-8BA0-4E81-A925-91EA6310D172}"
EndProject
Project("{8BB2217D-0F2D-49D1-97BC-3654ED321F3B}") = "Coolector.Tests.EndToEnd", "Tests\Coolector.Tests.EndToEnd\Coolector.Tests.EndToEnd.xproj", "{BA47E362-72B2-4F60-AE21-55330C44E4F7}"
EndProject
Global
	GlobalSection(SolutionConfigurationPlatforms) = preSolution
		Debug|Any CPU = Debug|Any CPU
		Release|Any CPU = Release|Any CPU
	EndGlobalSection
	GlobalSection(ProjectConfigurationPlatforms) = postSolution
		{059B1B11-D93E-499D-A2F0-372DF131CB70}.Debug|Any CPU.ActiveCfg = Debug|Any CPU
		{059B1B11-D93E-499D-A2F0-372DF131CB70}.Debug|Any CPU.Build.0 = Debug|Any CPU
		{059B1B11-D93E-499D-A2F0-372DF131CB70}.Release|Any CPU.ActiveCfg = Release|Any CPU
		{059B1B11-D93E-499D-A2F0-372DF131CB70}.Release|Any CPU.Build.0 = Release|Any CPU
		{8F41CE3F-ECB9-45E8-8AE4-374D7009CF85}.Debug|Any CPU.ActiveCfg = Debug|Any CPU
		{8F41CE3F-ECB9-45E8-8AE4-374D7009CF85}.Debug|Any CPU.Build.0 = Debug|Any CPU
		{8F41CE3F-ECB9-45E8-8AE4-374D7009CF85}.Release|Any CPU.ActiveCfg = Release|Any CPU
		{8F41CE3F-ECB9-45E8-8AE4-374D7009CF85}.Release|Any CPU.Build.0 = Release|Any CPU
		{838FB81D-4E15-4945-8BBD-4389C8EF07B0}.Debug|Any CPU.ActiveCfg = Debug|Any CPU
		{838FB81D-4E15-4945-8BBD-4389C8EF07B0}.Debug|Any CPU.Build.0 = Debug|Any CPU
		{838FB81D-4E15-4945-8BBD-4389C8EF07B0}.Release|Any CPU.ActiveCfg = Release|Any CPU
		{838FB81D-4E15-4945-8BBD-4389C8EF07B0}.Release|Any CPU.Build.0 = Release|Any CPU
		{6446D473-8BA0-4E81-A925-91EA6310D172}.Debug|Any CPU.ActiveCfg = Debug|Any CPU
		{6446D473-8BA0-4E81-A925-91EA6310D172}.Debug|Any CPU.Build.0 = Debug|Any CPU
		{6446D473-8BA0-4E81-A925-91EA6310D172}.Release|Any CPU.ActiveCfg = Release|Any CPU
		{6446D473-8BA0-4E81-A925-91EA6310D172}.Release|Any CPU.Build.0 = Release|Any CPU
		{BA47E362-72B2-4F60-AE21-55330C44E4F7}.Debug|Any CPU.ActiveCfg = Debug|Any CPU
		{BA47E362-72B2-4F60-AE21-55330C44E4F7}.Debug|Any CPU.Build.0 = Debug|Any CPU
		{BA47E362-72B2-4F60-AE21-55330C44E4F7}.Release|Any CPU.ActiveCfg = Release|Any CPU
		{BA47E362-72B2-4F60-AE21-55330C44E4F7}.Release|Any CPU.Build.0 = Release|Any CPU
	EndGlobalSection
	GlobalSection(SolutionProperties) = preSolution
		HideSolutionNode = FALSE
	EndGlobalSection
	GlobalSection(NestedProjects) = preSolution
		{6446D473-8BA0-4E81-A925-91EA6310D172} = {4E813C1B-FB6C-4DE9-A21A-B2E7ACAEF37F}
		{BA47E362-72B2-4F60-AE21-55330C44E4F7} = {4E813C1B-FB6C-4DE9-A21A-B2E7ACAEF37F}
	EndGlobalSection
EndGlobal
