
Microsoft Visual Studio Solution File, Format Version 12.00
# Visual Studio 14
VisualStudioVersion = 14.0.25420.1
MinimumVisualStudioVersion = 10.0.40219.1
Project("{8BB2217D-0F2D-49D1-97BC-3654ED321F3B}") = "Coolector.Api", "Coolector.Api\Coolector.Api.xproj", "{059B1B11-D93E-499D-A2F0-372DF131CB70}"
EndProject
Project("{8BB2217D-0F2D-49D1-97BC-3654ED321F3B}") = "Coolector.Core", "Coolector.Core\Coolector.Core.xproj", "{8F41CE3F-ECB9-45E8-8AE4-374D7009CF85}"
EndProject
Project("{2150E333-8FDC-42A3-9474-1A3956D46DE8}") = "Tests", "Tests", "{4E813C1B-FB6C-4DE9-A21A-B2E7ACAEF37F}"
EndProject
Project("{8BB2217D-0F2D-49D1-97BC-3654ED321F3B}") = "Coolector.Tests.EndToEnd", "Tests\Coolector.Tests.EndToEnd\Coolector.Tests.EndToEnd.xproj", "{BA47E362-72B2-4F60-AE21-55330C44E4F7}"
EndProject
Project("{8BB2217D-0F2D-49D1-97BC-3654ED321F3B}") = "Coolector.Common", "Coolector.Common\Coolector.Common.xproj", "{BBB97E5E-7961-4D5C-8F7A-E8DE1E9612BB}"
EndProject
Project("{2150E333-8FDC-42A3-9474-1A3956D46DE8}") = "Services", "Services", "{C90D48B3-4C67-455B-81F6-0A84145927DB}"
EndProject
Project("{8BB2217D-0F2D-49D1-97BC-3654ED321F3B}") = "Coolector.Services", "Services\Coolector.Services\Coolector.Services.xproj", "{6C63C007-8D73-4C7D-BD21-E1726557345A}"
EndProject
Project("{8BB2217D-0F2D-49D1-97BC-3654ED321F3B}") = "Coolector.Services.Users", "Services\Coolector.Services.Users\Coolector.Services.Users.xproj", "{CE760254-CA61-41E1-B797-C09FEA9125B5}"
EndProject
Project("{8BB2217D-0F2D-49D1-97BC-3654ED321F3B}") = "Coolector.Services.Storage", "Services\Coolector.Services.Storage\Coolector.Services.Storage.xproj", "{5B28C528-51C7-4B85-81A4-16040041F6C3}"
EndProject
Project("{8BB2217D-0F2D-49D1-97BC-3654ED321F3B}") = "Coolector.Tests", "Tests\Coolector.Tests\Coolector.Tests.xproj", "{239F7042-14A3-49AB-AF02-F95C7E8813C6}"
EndProject
Project("{8BB2217D-0F2D-49D1-97BC-3654ED321F3B}") = "Coolector.Dto", "Coolector.Dto\Coolector.Dto.xproj", "{5EA7B4A9-F043-487A-AC12-AD405604D0EF}"
EndProject
Project("{8BB2217D-0F2D-49D1-97BC-3654ED321F3B}") = "Coolector.Services.Remarks", "Services\Coolector.Services.Remarks\Coolector.Services.Remarks.xproj", "{58DEFF1F-7C1E-4712-B522-168BECC0A3F7}"
EndProject
Global
	GlobalSection(SolutionConfigurationPlatforms) = preSolution
		Debug|Any CPU = Debug|Any CPU
		Dev|Any CPU = Dev|Any CPU
		Release|Any CPU = Release|Any CPU
	EndGlobalSection
	GlobalSection(ProjectConfigurationPlatforms) = postSolution
		{059B1B11-D93E-499D-A2F0-372DF131CB70}.Debug|Any CPU.ActiveCfg = Debug|Any CPU
		{059B1B11-D93E-499D-A2F0-372DF131CB70}.Debug|Any CPU.Build.0 = Debug|Any CPU
		{059B1B11-D93E-499D-A2F0-372DF131CB70}.Dev|Any CPU.ActiveCfg = Dev|Any CPU
		{059B1B11-D93E-499D-A2F0-372DF131CB70}.Dev|Any CPU.Build.0 = Dev|Any CPU
		{059B1B11-D93E-499D-A2F0-372DF131CB70}.Release|Any CPU.ActiveCfg = Release|Any CPU
		{059B1B11-D93E-499D-A2F0-372DF131CB70}.Release|Any CPU.Build.0 = Release|Any CPU
		{8F41CE3F-ECB9-45E8-8AE4-374D7009CF85}.Debug|Any CPU.ActiveCfg = Debug|Any CPU
		{8F41CE3F-ECB9-45E8-8AE4-374D7009CF85}.Debug|Any CPU.Build.0 = Debug|Any CPU
		{8F41CE3F-ECB9-45E8-8AE4-374D7009CF85}.Dev|Any CPU.ActiveCfg = Dev|Any CPU
		{8F41CE3F-ECB9-45E8-8AE4-374D7009CF85}.Dev|Any CPU.Build.0 = Dev|Any CPU
		{8F41CE3F-ECB9-45E8-8AE4-374D7009CF85}.Release|Any CPU.ActiveCfg = Release|Any CPU
		{8F41CE3F-ECB9-45E8-8AE4-374D7009CF85}.Release|Any CPU.Build.0 = Release|Any CPU
		{BA47E362-72B2-4F60-AE21-55330C44E4F7}.Debug|Any CPU.ActiveCfg = Debug|Any CPU
		{BA47E362-72B2-4F60-AE21-55330C44E4F7}.Debug|Any CPU.Build.0 = Debug|Any CPU
		{BA47E362-72B2-4F60-AE21-55330C44E4F7}.Dev|Any CPU.ActiveCfg = Dev|Any CPU
		{BA47E362-72B2-4F60-AE21-55330C44E4F7}.Dev|Any CPU.Build.0 = Dev|Any CPU
		{BA47E362-72B2-4F60-AE21-55330C44E4F7}.Release|Any CPU.ActiveCfg = Release|Any CPU
		{BA47E362-72B2-4F60-AE21-55330C44E4F7}.Release|Any CPU.Build.0 = Release|Any CPU
		{BBB97E5E-7961-4D5C-8F7A-E8DE1E9612BB}.Debug|Any CPU.ActiveCfg = Debug|Any CPU
		{BBB97E5E-7961-4D5C-8F7A-E8DE1E9612BB}.Debug|Any CPU.Build.0 = Debug|Any CPU
		{BBB97E5E-7961-4D5C-8F7A-E8DE1E9612BB}.Dev|Any CPU.ActiveCfg = Debug|Any CPU
		{BBB97E5E-7961-4D5C-8F7A-E8DE1E9612BB}.Dev|Any CPU.Build.0 = Debug|Any CPU
		{BBB97E5E-7961-4D5C-8F7A-E8DE1E9612BB}.Release|Any CPU.ActiveCfg = Release|Any CPU
		{BBB97E5E-7961-4D5C-8F7A-E8DE1E9612BB}.Release|Any CPU.Build.0 = Release|Any CPU
		{6C63C007-8D73-4C7D-BD21-E1726557345A}.Debug|Any CPU.ActiveCfg = Debug|Any CPU
		{6C63C007-8D73-4C7D-BD21-E1726557345A}.Debug|Any CPU.Build.0 = Debug|Any CPU
		{6C63C007-8D73-4C7D-BD21-E1726557345A}.Dev|Any CPU.ActiveCfg = Debug|Any CPU
		{6C63C007-8D73-4C7D-BD21-E1726557345A}.Dev|Any CPU.Build.0 = Debug|Any CPU
		{6C63C007-8D73-4C7D-BD21-E1726557345A}.Release|Any CPU.ActiveCfg = Release|Any CPU
		{6C63C007-8D73-4C7D-BD21-E1726557345A}.Release|Any CPU.Build.0 = Release|Any CPU
		{CE760254-CA61-41E1-B797-C09FEA9125B5}.Debug|Any CPU.ActiveCfg = Debug|Any CPU
		{CE760254-CA61-41E1-B797-C09FEA9125B5}.Debug|Any CPU.Build.0 = Debug|Any CPU
		{CE760254-CA61-41E1-B797-C09FEA9125B5}.Dev|Any CPU.ActiveCfg = Debug|Any CPU
		{CE760254-CA61-41E1-B797-C09FEA9125B5}.Dev|Any CPU.Build.0 = Debug|Any CPU
		{CE760254-CA61-41E1-B797-C09FEA9125B5}.Release|Any CPU.ActiveCfg = Release|Any CPU
		{CE760254-CA61-41E1-B797-C09FEA9125B5}.Release|Any CPU.Build.0 = Release|Any CPU
		{5B28C528-51C7-4B85-81A4-16040041F6C3}.Debug|Any CPU.ActiveCfg = Debug|Any CPU
		{5B28C528-51C7-4B85-81A4-16040041F6C3}.Debug|Any CPU.Build.0 = Debug|Any CPU
		{5B28C528-51C7-4B85-81A4-16040041F6C3}.Dev|Any CPU.ActiveCfg = Debug|Any CPU
		{5B28C528-51C7-4B85-81A4-16040041F6C3}.Dev|Any CPU.Build.0 = Debug|Any CPU
		{5B28C528-51C7-4B85-81A4-16040041F6C3}.Release|Any CPU.ActiveCfg = Release|Any CPU
		{5B28C528-51C7-4B85-81A4-16040041F6C3}.Release|Any CPU.Build.0 = Release|Any CPU
		{239F7042-14A3-49AB-AF02-F95C7E8813C6}.Debug|Any CPU.ActiveCfg = Debug|Any CPU
		{239F7042-14A3-49AB-AF02-F95C7E8813C6}.Debug|Any CPU.Build.0 = Debug|Any CPU
		{239F7042-14A3-49AB-AF02-F95C7E8813C6}.Dev|Any CPU.ActiveCfg = Debug|Any CPU
		{239F7042-14A3-49AB-AF02-F95C7E8813C6}.Dev|Any CPU.Build.0 = Debug|Any CPU
		{239F7042-14A3-49AB-AF02-F95C7E8813C6}.Release|Any CPU.ActiveCfg = Release|Any CPU
		{239F7042-14A3-49AB-AF02-F95C7E8813C6}.Release|Any CPU.Build.0 = Release|Any CPU
		{5EA7B4A9-F043-487A-AC12-AD405604D0EF}.Debug|Any CPU.ActiveCfg = Debug|Any CPU
		{5EA7B4A9-F043-487A-AC12-AD405604D0EF}.Debug|Any CPU.Build.0 = Debug|Any CPU
		{5EA7B4A9-F043-487A-AC12-AD405604D0EF}.Dev|Any CPU.ActiveCfg = Debug|Any CPU
		{5EA7B4A9-F043-487A-AC12-AD405604D0EF}.Dev|Any CPU.Build.0 = Debug|Any CPU
		{5EA7B4A9-F043-487A-AC12-AD405604D0EF}.Release|Any CPU.ActiveCfg = Release|Any CPU
		{5EA7B4A9-F043-487A-AC12-AD405604D0EF}.Release|Any CPU.Build.0 = Release|Any CPU
		{58DEFF1F-7C1E-4712-B522-168BECC0A3F7}.Debug|Any CPU.ActiveCfg = Debug|Any CPU
		{58DEFF1F-7C1E-4712-B522-168BECC0A3F7}.Debug|Any CPU.Build.0 = Debug|Any CPU
		{58DEFF1F-7C1E-4712-B522-168BECC0A3F7}.Dev|Any CPU.ActiveCfg = Debug|Any CPU
		{58DEFF1F-7C1E-4712-B522-168BECC0A3F7}.Dev|Any CPU.Build.0 = Debug|Any CPU
		{58DEFF1F-7C1E-4712-B522-168BECC0A3F7}.Release|Any CPU.ActiveCfg = Release|Any CPU
		{58DEFF1F-7C1E-4712-B522-168BECC0A3F7}.Release|Any CPU.Build.0 = Release|Any CPU
	EndGlobalSection
	GlobalSection(SolutionProperties) = preSolution
		HideSolutionNode = FALSE
	EndGlobalSection
	GlobalSection(NestedProjects) = preSolution
		{BA47E362-72B2-4F60-AE21-55330C44E4F7} = {4E813C1B-FB6C-4DE9-A21A-B2E7ACAEF37F}
		{6C63C007-8D73-4C7D-BD21-E1726557345A} = {C90D48B3-4C67-455B-81F6-0A84145927DB}
		{CE760254-CA61-41E1-B797-C09FEA9125B5} = {C90D48B3-4C67-455B-81F6-0A84145927DB}
		{5B28C528-51C7-4B85-81A4-16040041F6C3} = {C90D48B3-4C67-455B-81F6-0A84145927DB}
		{239F7042-14A3-49AB-AF02-F95C7E8813C6} = {4E813C1B-FB6C-4DE9-A21A-B2E7ACAEF37F}
		{58DEFF1F-7C1E-4712-B522-168BECC0A3F7} = {C90D48B3-4C67-455B-81F6-0A84145927DB}
	EndGlobalSection
EndGlobal
